
Microsoft Visual Studio Solution File, Format Version 12.00
# Visual Studio Version 16
VisualStudioVersion = 16.0.30804.86
MinimumVisualStudioVersion = 10.0.40219.1
Project("{FAE04EC0-301F-11D3-BF4B-00C04F79EFBC}") = "CapaDatos", "CapaDatos\CapaDatos.csproj", "{BC78DDAE-0B32-4464-A65E-493B7E257546}"
EndProject
Project("{FAE04EC0-301F-11D3-BF4B-00C04F79EFBC}") = "CapaNegocios", "CapaNegocios\CapaNegocios.csproj", "{FB5FA516-6618-4AD1-A337-63D4D4DF718D}"
EndProject
Project("{FAE04EC0-301F-11D3-BF4B-00C04F79EFBC}") = "CapaPresentacion", "CapaPresentacion\CapaPresentacion.csproj", "{E480EEF6-D9E4-485F-9847-0206C3DBA9DE}"
EndProject
Global
	GlobalSection(SolutionConfigurationPlatforms) = preSolution
		Debug|Any CPU = Debug|Any CPU
		Release|Any CPU = Release|Any CPU
	EndGlobalSection
	GlobalSection(ProjectConfigurationPlatforms) = postSolution
		{BC78DDAE-0B32-4464-A65E-493B7E257546}.Debug|Any CPU.ActiveCfg = Debug|Any CPU
		{BC78DDAE-0B32-4464-A65E-493B7E257546}.Debug|Any CPU.Build.0 = Debug|Any CPU
		{BC78DDAE-0B32-4464-A65E-493B7E257546}.Release|Any CPU.ActiveCfg = Release|Any CPU
		{BC78DDAE-0B32-4464-A65E-493B7E257546}.Release|Any CPU.Build.0 = Release|Any CPU
		{FB5FA516-6618-4AD1-A337-63D4D4DF718D}.Debug|Any CPU.ActiveCfg = Debug|Any CPU
		{FB5FA516-6618-4AD1-A337-63D4D4DF718D}.Debug|Any CPU.Build.0 = Debug|Any CPU
		{FB5FA516-6618-4AD1-A337-63D4D4DF718D}.Release|Any CPU.ActiveCfg = Release|Any CPU
		{FB5FA516-6618-4AD1-A337-63D4D4DF718D}.Release|Any CPU.Build.0 = Release|Any CPU
		{E480EEF6-D9E4-485F-9847-0206C3DBA9DE}.Debug|Any CPU.ActiveCfg = Debug|Any CPU
		{E480EEF6-D9E4-485F-9847-0206C3DBA9DE}.Debug|Any CPU.Build.0 = Debug|Any CPU
		{E480EEF6-D9E4-485F-9847-0206C3DBA9DE}.Release|Any CPU.ActiveCfg = Release|Any CPU
		{E480EEF6-D9E4-485F-9847-0206C3DBA9DE}.Release|Any CPU.Build.0 = Release|Any CPU
	EndGlobalSection
	GlobalSection(SolutionProperties) = preSolution
		HideSolutionNode = FALSE
	EndGlobalSection
	GlobalSection(ExtensibilityGlobals) = postSolution
		SolutionGuid = {0D36797A-5EEF-4A01-B4FB-A5E7C2B78E48}
	EndGlobalSection
EndGlobal
